
Microsoft Visual Studio Solution File, Format Version 12.00
# Visual Studio Version 16
VisualStudioVersion = 16.0.31729.503
MinimumVisualStudioVersion = 10.0.40219.1
Project("{FAE04EC0-301F-11D3-BF4B-00C04F79EFBC}") = "TicketManagement-Web", "TicketManagement-Web\TicketManagement-Web.csproj", "{84C5F87C-D3F2-4863-9D19-161D7DAF61B0}"
EndProject
Global
	GlobalSection(SolutionConfigurationPlatforms) = preSolution
		Debug|Any CPU = Debug|Any CPU
		Release|Any CPU = Release|Any CPU
	EndGlobalSection
	GlobalSection(ProjectConfigurationPlatforms) = postSolution
		{84C5F87C-D3F2-4863-9D19-161D7DAF61B0}.Debug|Any CPU.ActiveCfg = Debug|Any CPU
		{84C5F87C-D3F2-4863-9D19-161D7DAF61B0}.Debug|Any CPU.Build.0 = Debug|Any CPU
		{84C5F87C-D3F2-4863-9D19-161D7DAF61B0}.Release|Any CPU.ActiveCfg = Release|Any CPU
		{84C5F87C-D3F2-4863-9D19-161D7DAF61B0}.Release|Any CPU.Build.0 = Release|Any CPU
	EndGlobalSection
	GlobalSection(SolutionProperties) = preSolution
		HideSolutionNode = FALSE
	EndGlobalSection
	GlobalSection(ExtensibilityGlobals) = postSolution
		SolutionGuid = {89B0C0D0-E3E0-4070-8097-5140B93CEC02}
	EndGlobalSection
EndGlobal
